
Microsoft Visual Studio Solution File, Format Version 12.00
# Visual Studio Version 17
VisualStudioVersion = 17.5.002.0
MinimumVisualStudioVersion = 10.0.40219.1
Project("{9A19103F-16F7-4668-BE54-9A1E7A4F7556}") = "portfolio", "portfolio.csproj", "{5FB2A641-2EC7-4092-B410-5391E152FB42}"
EndProject
Global
	GlobalSection(SolutionConfigurationPlatforms) = preSolution
		Debug|Any CPU = Debug|Any CPU
		Release|Any CPU = Release|Any CPU
	EndGlobalSection
	GlobalSection(ProjectConfigurationPlatforms) = postSolution
		{5FB2A641-2EC7-4092-B410-5391E152FB42}.Debug|Any CPU.ActiveCfg = Debug|Any CPU
		{5FB2A641-2EC7-4092-B410-5391E152FB42}.Debug|Any CPU.Build.0 = Debug|Any CPU
		{5FB2A641-2EC7-4092-B410-5391E152FB42}.Release|Any CPU.ActiveCfg = Release|Any CPU
		{5FB2A641-2EC7-4092-B410-5391E152FB42}.Release|Any CPU.Build.0 = Release|Any CPU
	EndGlobalSection
	GlobalSection(SolutionProperties) = preSolution
		HideSolutionNode = FALSE
	EndGlobalSection
	GlobalSection(ExtensibilityGlobals) = postSolution
		SolutionGuid = {B9043016-87A7-4A59-A729-4668AFAD47C1}
	EndGlobalSection
EndGlobal
