{
  "version": 4,
  "terraform_version": "1.9.3",
  "serial": 9,
  "lineage": "23a90a88-3fdd-8125-cbf6-8811e68851ca",
  "outputs": {},
  "resources": [
    {
      "module": "module.aws-resources",
      "mode": "managed",
      "type": "aws_subnet",
      "name": "smartinvest-private-subnet-1a",
      "provider": "module.aws-resources.provider[\"registry.terraform.io/hashicorp/aws\"]",
      "instances": [
        {
          "schema_version": 1,
          "attributes": {
            "arn": "arn:aws:ec2:us-east-1:309238126949:subnet/subnet-09825dd442ac2121f",
            "assign_ipv6_address_on_creation": false,
            "availability_zone": "us-east-1a",
            "availability_zone_id": "use1-az1",
            "cidr_block": "10.0.1.0/24",
            "customer_owned_ipv4_pool": "",
            "enable_dns64": false,
            "enable_lni_at_device_index": 0,
            "enable_resource_name_dns_a_record_on_launch": false,
            "enable_resource_name_dns_aaaa_record_on_launch": false,
            "id": "subnet-09825dd442ac2121f",
            "ipv6_cidr_block": "",
            "ipv6_cidr_block_association_id": "",
            "ipv6_native": false,
            "map_customer_owned_ip_on_launch": false,
            "map_public_ip_on_launch": false,
            "outpost_arn": "",
            "owner_id": "309238126949",
            "private_dns_hostname_type_on_launch": "ip-name",
            "tags": {
              "Name": "smartinvest-private-subnet-1a"
            },
            "tags_all": {
              "Name": "smartinvest-private-subnet-1a"
            },
            "timeouts": null,
            "vpc_id": "vpc-034d12e319fead01a"
          },
          "sensitive_attributes": [],
          "private": "eyJlMmJmYjczMC1lY2FhLTExZTYtOGY4OC0zNDM2M2JjN2M0YzAiOnsiY3JlYXRlIjo2MDAwMDAwMDAwMDAsImRlbGV0ZSI6MTIwMDAwMDAwMDAwMH0sInNjaGVtYV92ZXJzaW9uIjoiMSJ9",
          "dependencies": [
            "module.aws-resources.aws_vpc.main"
          ]
        }
      ]
    },
    {
      "module": "module.aws-resources",
      "mode": "managed",
      "type": "aws_subnet",
      "name": "smartinvest-private-subnet-1b",
      "provider": "module.aws-resources.provider[\"registry.terraform.io/hashicorp/aws\"]",
      "instances": [
        {
          "schema_version": 1,
          "attributes": {
            "arn": "arn:aws:ec2:us-east-1:309238126949:subnet/subnet-0efd19843f5a35531",
            "assign_ipv6_address_on_creation": false,
            "availability_zone": "us-east-1b",
            "availability_zone_id": "use1-az2",
            "cidr_block": "10.0.2.0/24",
            "customer_owned_ipv4_pool": "",
            "enable_dns64": false,
            "enable_lni_at_device_index": 0,
            "enable_resource_name_dns_a_record_on_launch": false,
            "enable_resource_name_dns_aaaa_record_on_launch": false,
            "id": "subnet-0efd19843f5a35531",
            "ipv6_cidr_block": "",
            "ipv6_cidr_block_association_id": "",
            "ipv6_native": false,
            "map_customer_owned_ip_on_launch": false,
            "map_public_ip_on_launch": false,
            "outpost_arn": "",
            "owner_id": "309238126949",
            "private_dns_hostname_type_on_launch": "ip-name",
            "tags": {
              "Name": "smartinvest-private-subnet-1b"
            },
            "tags_all": {
              "Name": "smartinvest-private-subnet-1b"
            },
            "timeouts": null,
            "vpc_id": "vpc-034d12e319fead01a"
          },
          "sensitive_attributes": [],
          "private": "eyJlMmJmYjczMC1lY2FhLTExZTYtOGY4OC0zNDM2M2JjN2M0YzAiOnsiY3JlYXRlIjo2MDAwMDAwMDAwMDAsImRlbGV0ZSI6MTIwMDAwMDAwMDAwMH0sInNjaGVtYV92ZXJzaW9uIjoiMSJ9",
          "dependencies": [
            "module.aws-resources.aws_vpc.main"
          ]
        }
      ]
    },
    {
      "module": "module.aws-resources",
      "mode": "managed",
      "type": "aws_subnet",
      "name": "smartinvest-public-subnet-1a",
      "provider": "module.aws-resources.provider[\"registry.terraform.io/hashicorp/aws\"]",
      "instances": [
        {
          "schema_version": 1,
          "attributes": {
            "arn": "arn:aws:ec2:us-east-1:309238126949:subnet/subnet-0b5f794be391e1ad8",
            "assign_ipv6_address_on_creation": false,
            "availability_zone": "us-east-1a",
            "availability_zone_id": "use1-az1",
            "cidr_block": "10.0.0.0/24",
            "customer_owned_ipv4_pool": "",
            "enable_dns64": false,
            "enable_lni_at_device_index": 0,
            "enable_resource_name_dns_a_record_on_launch": false,
            "enable_resource_name_dns_aaaa_record_on_launch": false,
            "id": "subnet-0b5f794be391e1ad8",
            "ipv6_cidr_block": "",
            "ipv6_cidr_block_association_id": "",
            "ipv6_native": false,
            "map_customer_owned_ip_on_launch": false,
            "map_public_ip_on_launch": false,
            "outpost_arn": "",
            "owner_id": "309238126949",
            "private_dns_hostname_type_on_launch": "ip-name",
            "tags": {
              "Name": "smartinvest-public-subnet-1a"
            },
            "tags_all": {
              "Name": "smartinvest-public-subnet-1a"
            },
            "timeouts": null,
            "vpc_id": "vpc-034d12e319fead01a"
          },
          "sensitive_attributes": [],
          "private": "eyJlMmJmYjczMC1lY2FhLTExZTYtOGY4OC0zNDM2M2JjN2M0YzAiOnsiY3JlYXRlIjo2MDAwMDAwMDAwMDAsImRlbGV0ZSI6MTIwMDAwMDAwMDAwMH0sInNjaGVtYV92ZXJzaW9uIjoiMSJ9",
          "dependencies": [
            "module.aws-resources.aws_vpc.main"
          ]
        }
      ]
    },
    {
      "module": "module.aws-resources",
      "mode": "managed",
      "type": "aws_vpc",
      "name": "main",
      "provider": "module.aws-resources.provider[\"registry.terraform.io/hashicorp/aws\"]",
      "instances": [
        {
          "schema_version": 1,
          "attributes": {
            "arn": "arn:aws:ec2:us-east-1:309238126949:vpc/vpc-034d12e319fead01a",
            "assign_generated_ipv6_cidr_block": false,
            "cidr_block": "10.0.0.0/16",
            "default_network_acl_id": "acl-058ab4ccce519c769",
            "default_route_table_id": "rtb-0057053ddb872debd",
            "default_security_group_id": "sg-09a918948186254f7",
            "dhcp_options_id": "dopt-09eeb802b90b31e9f",
            "enable_dns_hostnames": true,
            "enable_dns_support": true,
            "enable_network_address_usage_metrics": false,
            "id": "vpc-034d12e319fead01a",
            "instance_tenancy": "default",
            "ipv4_ipam_pool_id": null,
            "ipv4_netmask_length": null,
            "ipv6_association_id": "",
            "ipv6_cidr_block": "",
            "ipv6_cidr_block_network_border_group": "",
            "ipv6_ipam_pool_id": "",
            "ipv6_netmask_length": 0,
            "main_route_table_id": "rtb-0057053ddb872debd",
            "owner_id": "309238126949",
            "tags": {
              "Name": "smartinvest-vpc"
            },
            "tags_all": {
              "Name": "smartinvest-vpc"
            }
          },
          "sensitive_attributes": [],
          "private": "eyJzY2hlbWFfdmVyc2lvbiI6IjEifQ=="
        }
      ]
    }
  ],
  "check_results": null
}
