{
  "version": 4,
  "terraform_version": "1.9.3",
  "serial": 70,
  "lineage": "23a90a88-3fdd-8125-cbf6-8811e68851ca",
  "outputs": {},
  "resources": [
    {
      "module": "module.aws-resources",
      "mode": "data",
      "type": "aws_iam_role",
      "name": "LabRole",
      "provider": "module.aws-resources.provider[\"registry.terraform.io/hashicorp/aws\"]",
      "instances": [
        {
          "schema_version": 0,
          "attributes": {
            "arn": "arn:aws:iam::309238126949:role/LabRole",
            "assume_role_policy": "{\"Version\":\"2012-10-17\",\"Statement\":[{\"Effect\":\"Allow\",\"Principal\":{\"Service\":[\"dynamodb.amazonaws.com\",\"lambda.amazonaws.com\",\"rekognition.amazonaws.com\",\"datapipeline.amazonaws.com\",\"elasticloadbalancing.amazonaws.com\",\"iot.amazonaws.com\",\"application-autoscaling.amazonaws.com\",\"rds.amazonaws.com\",\"kinesis.amazonaws.com\",\"backup.amazonaws.com\",\"iotanalytics.amazonaws.com\",\"sns.amazonaws.com\",\"servicecatalog.amazonaws.com\",\"pipes.amazonaws.com\",\"ecs-tasks.amazonaws.com\",\"databrew.amazonaws.com\",\"cognito-idp.amazonaws.com\",\"firehose.amazonaws.com\",\"glue.amazonaws.com\",\"logs.amazonaws.com\",\"cloudtrail.amazonaws.com\",\"eks-fargate-pods.amazonaws.com\",\"states.amazonaws.com\",\"kinesisanalytics.amazonaws.com\",\"deepracer.amazonaws.com\",\"kendra.amazonaws.com\",\"elasticmapreduce.amazonaws.com\",\"events.amazonaws.com\",\"storagegateway.amazonaws.com\",\"iotevents.amazonaws.com\",\"codecommit.amazonaws.com\",\"elasticbeanstalk.amazonaws.com\",\"ecs.amazonaws.com\",\"redshift.amazonaws.com\",\"ssm.amazonaws.com\",\"athena.amazonaws.com\",\"codedeploy.amazonaws.com\",\"cloudformation.amazonaws.com\",\"codewhisperer.amazonaws.com\",\"robomaker.amazonaws.com\",\"resource-groups.amazonaws.com\",\"cloud9.amazonaws.com\",\"kms.amazonaws.com\",\"autoscaling.amazonaws.com\",\"sagemaker.amazonaws.com\",\"batch.amazonaws.com\",\"scheduler.amazonaws.com\",\"secretsmanager.amazonaws.com\",\"ec2.amazonaws.com\",\"cloudfront.amazonaws.com\",\"s3.amazonaws.com\",\"credentials.iot.amazonaws.com\",\"forecast.amazonaws.com\",\"lex.amazonaws.com\",\"eks.amazonaws.com\",\"ec2.application-autoscaling.amazonaws.com\",\"elasticfilesystem.amazonaws.com\",\"sqs.amazonaws.com\",\"apigateway.amazonaws.com\",\"personalize.amazonaws.com\"],\"AWS\":\"arn:aws:iam::309238126949:role/LabRole\"},\"Action\":\"sts:AssumeRole\"}]}",
            "create_date": "2024-06-14T00:22:09Z",
            "description": "",
            "id": "LabRole",
            "max_session_duration": 3600,
            "name": "LabRole",
            "path": "/",
            "permissions_boundary": "",
            "role_last_used": [
              {
                "last_used_date": "2024-07-29T00:56:43Z",
                "region": "us-east-1"
              }
            ],
            "tags": {
              "cloudlab": "c120122a2877514l6917363t1w309238126949"
            },
            "unique_id": "AROAUQAAHLFSYN3SZ6K3P"
          },
          "sensitive_attributes": []
        }
      ]
    },
    {
      "module": "module.aws-resources",
      "mode": "managed",
      "type": "aws_eip",
      "name": "ec2-fe_eip",
      "provider": "module.aws-resources.provider[\"registry.terraform.io/hashicorp/aws\"]",
      "instances": [
        {
          "schema_version": 0,
          "attributes": {
            "address": null,
            "allocation_id": "eipalloc-04375dc8295b07bb5",
            "arn": "arn:aws:ec2:us-east-1:309238126949:elastic-ip/eipalloc-04375dc8295b07bb5",
            "associate_with_private_ip": null,
            "association_id": "",
            "carrier_ip": "",
            "customer_owned_ip": "",
            "customer_owned_ipv4_pool": "",
            "domain": "vpc",
            "id": "eipalloc-04375dc8295b07bb5",
            "instance": "",
            "network_border_group": "us-east-1",
            "network_interface": "",
            "private_dns": "ip-10-0-0-81.ec2.internal",
            "private_ip": "",
            "ptr_record": "",
            "public_dns": "ec2-44-223-240-223.compute-1.amazonaws.com",
            "public_ip": "44.223.240.223",
            "public_ipv4_pool": "amazon",
            "tags": {
              "Name": "smartinvest-vpc-eip"
            },
            "tags_all": {
              "Name": "smartinvest-vpc-eip"
            },
            "timeouts": null,
            "vpc": true
          },
          "sensitive_attributes": [],
          "private": "eyJlMmJmYjczMC1lY2FhLTExZTYtOGY4OC0zNDM2M2JjN2M0YzAiOnsiZGVsZXRlIjoxODAwMDAwMDAwMDAsInJlYWQiOjkwMDAwMDAwMDAwMCwidXBkYXRlIjozMDAwMDAwMDAwMDB9fQ=="
        }
      ]
    },
    {
      "module": "module.aws-resources",
      "mode": "managed",
      "type": "aws_eip",
      "name": "natgw-ip",
      "provider": "module.aws-resources.provider[\"registry.terraform.io/hashicorp/aws\"]",
      "instances": [
        {
          "schema_version": 0,
          "attributes": {
            "address": null,
            "allocation_id": "eipalloc-0185f263dd8087f23",
            "arn": "arn:aws:ec2:us-east-1:309238126949:elastic-ip/eipalloc-0185f263dd8087f23",
            "associate_with_private_ip": null,
            "association_id": "eipassoc-0aa9da1fc1e09b074",
            "carrier_ip": "",
            "customer_owned_ip": "",
            "customer_owned_ipv4_pool": "",
            "domain": "vpc",
            "id": "eipalloc-0185f263dd8087f23",
            "instance": "",
            "network_border_group": "us-east-1",
            "network_interface": "eni-085555d4815adbca5",
            "private_dns": "ip-10-0-0-167.ec2.internal",
            "private_ip": "10.0.0.167",
            "ptr_record": "",
            "public_dns": "ec2-52-22-176-240.compute-1.amazonaws.com",
            "public_ip": "52.22.176.240",
            "public_ipv4_pool": "amazon",
            "tags": {
              "Name": "smartinvest-vpc-eip"
            },
            "tags_all": {
              "Name": "smartinvest-vpc-eip"
            },
            "timeouts": null,
            "vpc": true
          },
          "sensitive_attributes": [],
          "private": "eyJlMmJmYjczMC1lY2FhLTExZTYtOGY4OC0zNDM2M2JjN2M0YzAiOnsiZGVsZXRlIjoxODAwMDAwMDAwMDAsInJlYWQiOjkwMDAwMDAwMDAwMCwidXBkYXRlIjozMDAwMDAwMDAwMDB9fQ=="
        }
      ]
    },
    {
      "module": "module.aws-resources",
      "mode": "managed",
      "type": "aws_eip_association",
      "name": "eip_assoc",
      "provider": "module.aws-resources.provider[\"registry.terraform.io/hashicorp/aws\"]",
      "instances": [
        {
          "schema_version": 0,
          "attributes": {
            "allocation_id": "eipalloc-04375dc8295b07bb5",
            "allow_reassociation": null,
            "id": "eipassoc-07d90d4d227df6558",
            "instance_id": "i-0f720ef34f9e141ab",
            "network_interface_id": "eni-07b233367a21664eb",
            "private_ip_address": "10.0.0.49",
            "public_ip": "44.223.240.223"
          },
          "sensitive_attributes": [],
          "private": "bnVsbA==",
          "dependencies": [
            "module.aws-resources.aws_eip.ec2-fe_eip",
            "module.aws-resources.aws_iam_instance_profile.ec2_instance_profile",
            "module.aws-resources.aws_instance.smartinvest-fe",
            "module.aws-resources.aws_security_group.smartinvest-ec2-fe",
            "module.aws-resources.aws_subnet.smartinvest-public-subnet-1a",
            "module.aws-resources.aws_vpc.main",
            "module.aws-resources.data.aws_iam_role.LabRole"
          ]
        }
      ]
    },
    {
      "module": "module.aws-resources",
      "mode": "managed",
      "type": "aws_iam_instance_profile",
      "name": "ec2_instance_profile",
      "provider": "module.aws-resources.provider[\"registry.terraform.io/hashicorp/aws\"]",
      "instances": [
        {
          "schema_version": 0,
          "attributes": {
            "arn": "arn:aws:iam::309238126949:instance-profile/ec2_instance_profile",
            "create_date": "2024-07-29T01:23:04Z",
            "id": "ec2_instance_profile",
            "name": "ec2_instance_profile",
            "name_prefix": "",
            "path": "/",
            "role": "LabRole",
            "tags": null,
            "tags_all": {},
            "unique_id": "AIPAUQAAHLFS7SZE4IIA3"
          },
          "sensitive_attributes": [],
          "private": "bnVsbA==",
          "dependencies": [
            "module.aws-resources.data.aws_iam_role.LabRole"
          ]
        }
      ]
    },
    {
      "module": "module.aws-resources",
      "mode": "managed",
      "type": "aws_instance",
      "name": "smartinvest-fe",
      "provider": "module.aws-resources.provider[\"registry.terraform.io/hashicorp/aws\"]",
      "instances": [
        {
          "schema_version": 1,
          "attributes": {
            "ami": "ami-0427090fd1714168b",
            "arn": "arn:aws:ec2:us-east-1:309238126949:instance/i-0f720ef34f9e141ab",
            "associate_public_ip_address": true,
            "availability_zone": "us-east-1a",
            "capacity_reservation_specification": [
              {
                "capacity_reservation_preference": "open",
                "capacity_reservation_target": []
              }
            ],
            "cpu_core_count": 1,
            "cpu_options": [
              {
                "amd_sev_snp": "",
                "core_count": 1,
                "threads_per_core": 1
              }
            ],
            "cpu_threads_per_core": 1,
            "credit_specification": [
              {
                "cpu_credits": "standard"
              }
            ],
            "disable_api_stop": false,
            "disable_api_termination": false,
            "ebs_block_device": [],
            "ebs_optimized": false,
            "enclave_options": [
              {
                "enabled": false
              }
            ],
            "ephemeral_block_device": [],
            "get_password_data": false,
            "hibernation": false,
            "host_id": "",
            "host_resource_group_arn": null,
            "iam_instance_profile": "ec2_instance_profile",
            "id": "i-0f720ef34f9e141ab",
            "instance_initiated_shutdown_behavior": "stop",
            "instance_lifecycle": "",
            "instance_market_options": [],
            "instance_state": "running",
            "instance_type": "t2.micro",
            "ipv6_address_count": 0,
            "ipv6_addresses": [],
            "key_name": "",
            "launch_template": [],
            "maintenance_options": [
              {
                "auto_recovery": "default"
              }
            ],
            "metadata_options": [
              {
                "http_endpoint": "enabled",
                "http_protocol_ipv6": "disabled",
                "http_put_response_hop_limit": 2,
                "http_tokens": "required",
                "instance_metadata_tags": "disabled"
              }
            ],
            "monitoring": false,
            "network_interface": [],
            "outpost_arn": "",
            "password_data": "",
            "placement_group": "",
            "placement_partition_number": 0,
            "primary_network_interface_id": "eni-07b233367a21664eb",
            "private_dns": "ip-10-0-0-49.ec2.internal",
            "private_dns_name_options": [
              {
                "enable_resource_name_dns_a_record": false,
                "enable_resource_name_dns_aaaa_record": false,
                "hostname_type": "ip-name"
              }
            ],
            "private_ip": "10.0.0.49",
            "public_dns": "ec2-100-29-183-122.compute-1.amazonaws.com",
            "public_ip": "100.29.183.122",
            "root_block_device": [
              {
                "delete_on_termination": true,
                "device_name": "/dev/xvda",
                "encrypted": false,
                "iops": 3000,
                "kms_key_id": "",
                "tags": {},
                "tags_all": {},
                "throughput": 125,
                "volume_id": "vol-09d21a8e5aa4d8177",
                "volume_size": 8,
                "volume_type": "gp3"
              }
            ],
            "secondary_private_ips": [],
            "security_groups": [
              "sg-06565f44a4c1d654b"
            ],
            "source_dest_check": true,
            "spot_instance_request_id": "",
            "subnet_id": "subnet-0b5f794be391e1ad8",
            "tags": {
              "Name": "smartinvest-fe"
            },
            "tags_all": {
              "Name": "smartinvest-fe"
            },
            "tenancy": "default",
            "timeouts": null,
            "user_data": "95a544e5484cf21e61446fe40f9d17fdc2a2abac",
            "user_data_base64": null,
            "user_data_replace_on_change": false,
            "volume_tags": null,
            "vpc_security_group_ids": [
              "sg-06565f44a4c1d654b"
            ]
          },
          "sensitive_attributes": [],
          "private": "eyJlMmJmYjczMC1lY2FhLTExZTYtOGY4OC0zNDM2M2JjN2M0YzAiOnsiY3JlYXRlIjo2MDAwMDAwMDAwMDAsImRlbGV0ZSI6MTIwMDAwMDAwMDAwMCwicmVhZCI6OTAwMDAwMDAwMDAwLCJ1cGRhdGUiOjYwMDAwMDAwMDAwMH0sInNjaGVtYV92ZXJzaW9uIjoiMSJ9",
          "dependencies": [
            "module.aws-resources.aws_iam_instance_profile.ec2_instance_profile",
            "module.aws-resources.aws_security_group.smartinvest-ec2-fe",
            "module.aws-resources.aws_subnet.smartinvest-public-subnet-1a",
            "module.aws-resources.aws_vpc.main",
            "module.aws-resources.data.aws_iam_role.LabRole"
          ]
        }
      ]
    },
    {
      "module": "module.aws-resources",
      "mode": "managed",
      "type": "aws_internet_gateway",
      "name": "smartinvest-ig",
      "provider": "module.aws-resources.provider[\"registry.terraform.io/hashicorp/aws\"]",
      "instances": [
        {
          "schema_version": 0,
          "attributes": {
            "arn": "arn:aws:ec2:us-east-1:309238126949:internet-gateway/igw-036e0ebffff49b6cb",
            "id": "igw-036e0ebffff49b6cb",
            "owner_id": "309238126949",
            "tags": {
              "Name": "smartinvest-ig"
            },
            "tags_all": {
              "Name": "smartinvest-ig"
            },
            "timeouts": null,
            "vpc_id": "vpc-034d12e319fead01a"
          },
          "sensitive_attributes": [],
          "private": "eyJlMmJmYjczMC1lY2FhLTExZTYtOGY4OC0zNDM2M2JjN2M0YzAiOnsiY3JlYXRlIjoxMjAwMDAwMDAwMDAwLCJkZWxldGUiOjEyMDAwMDAwMDAwMDAsInVwZGF0ZSI6MTIwMDAwMDAwMDAwMH19",
          "dependencies": [
            "module.aws-resources.aws_vpc.main"
          ]
        }
      ]
    },
    {
      "module": "module.aws-resources",
      "mode": "managed",
      "type": "aws_nat_gateway",
      "name": "smartinvest-natgw",
      "provider": "module.aws-resources.provider[\"registry.terraform.io/hashicorp/aws\"]",
      "instances": [
        {
          "schema_version": 0,
          "attributes": {
            "allocation_id": "eipalloc-0185f263dd8087f23",
            "association_id": "eipassoc-0aa9da1fc1e09b074",
            "connectivity_type": "public",
            "id": "nat-09f0f5297a23af7b8",
            "network_interface_id": "eni-085555d4815adbca5",
            "private_ip": "10.0.0.167",
            "public_ip": "52.22.176.240",
            "secondary_allocation_ids": [],
            "secondary_private_ip_address_count": 0,
            "secondary_private_ip_addresses": [],
            "subnet_id": "subnet-0b5f794be391e1ad8",
            "tags": {
              "Name": "smartinvest-natgw"
            },
            "tags_all": {
              "Name": "smartinvest-natgw"
            },
            "timeouts": null
          },
          "sensitive_attributes": [],
          "private": "eyJlMmJmYjczMC1lY2FhLTExZTYtOGY4OC0zNDM2M2JjN2M0YzAiOnsiY3JlYXRlIjo2MDAwMDAwMDAwMDAsImRlbGV0ZSI6MTgwMDAwMDAwMDAwMCwidXBkYXRlIjo2MDAwMDAwMDAwMDB9fQ==",
          "dependencies": [
            "module.aws-resources.aws_eip.natgw-ip",
            "module.aws-resources.aws_internet_gateway.smartinvest-ig",
            "module.aws-resources.aws_subnet.smartinvest-public-subnet-1a",
            "module.aws-resources.aws_vpc.main"
          ]
        }
      ]
    },
    {
      "module": "module.aws-resources",
      "mode": "managed",
      "type": "aws_route_table",
      "name": "smartinvest-private-rtb",
      "provider": "module.aws-resources.provider[\"registry.terraform.io/hashicorp/aws\"]",
      "instances": [
        {
          "schema_version": 0,
          "attributes": {
            "arn": "arn:aws:ec2:us-east-1:309238126949:route-table/rtb-09b635b2964d08377",
            "id": "rtb-09b635b2964d08377",
            "owner_id": "309238126949",
            "propagating_vgws": [],
            "route": [
              {
                "carrier_gateway_id": "",
                "cidr_block": "0.0.0.0/0",
                "core_network_arn": "",
                "destination_prefix_list_id": "",
                "egress_only_gateway_id": "",
                "gateway_id": "igw-036e0ebffff49b6cb",
                "ipv6_cidr_block": "",
                "local_gateway_id": "",
                "nat_gateway_id": "",
                "network_interface_id": "",
                "transit_gateway_id": "",
                "vpc_endpoint_id": "",
                "vpc_peering_connection_id": ""
              },
              {
                "carrier_gateway_id": "",
                "cidr_block": "10.0.0.0/16",
                "core_network_arn": "",
                "destination_prefix_list_id": "",
                "egress_only_gateway_id": "",
                "gateway_id": "local",
                "ipv6_cidr_block": "",
                "local_gateway_id": "",
                "nat_gateway_id": "",
                "network_interface_id": "",
                "transit_gateway_id": "",
                "vpc_endpoint_id": "",
                "vpc_peering_connection_id": ""
              }
            ],
            "tags": {
              "Name": "smartinvest-private-rtb"
            },
            "tags_all": {
              "Name": "smartinvest-private-rtb"
            },
            "timeouts": null,
            "vpc_id": "vpc-034d12e319fead01a"
          },
          "sensitive_attributes": [],
          "private": "eyJlMmJmYjczMC1lY2FhLTExZTYtOGY4OC0zNDM2M2JjN2M0YzAiOnsiY3JlYXRlIjozMDAwMDAwMDAwMDAsImRlbGV0ZSI6MzAwMDAwMDAwMDAwLCJ1cGRhdGUiOjEyMDAwMDAwMDAwMH19",
          "dependencies": [
            "module.aws-resources.aws_internet_gateway.smartinvest-ig",
            "module.aws-resources.aws_vpc.main"
          ]
        }
      ]
    },
    {
      "module": "module.aws-resources",
      "mode": "managed",
      "type": "aws_route_table",
      "name": "smartinvest-public-rtb",
      "provider": "module.aws-resources.provider[\"registry.terraform.io/hashicorp/aws\"]",
      "instances": [
        {
          "schema_version": 0,
          "attributes": {
            "arn": "arn:aws:ec2:us-east-1:309238126949:route-table/rtb-0a212c36f80d0a8c0",
            "id": "rtb-0a212c36f80d0a8c0",
            "owner_id": "309238126949",
            "propagating_vgws": [],
            "route": [
              {
                "carrier_gateway_id": "",
                "cidr_block": "0.0.0.0/0",
                "core_network_arn": "",
                "destination_prefix_list_id": "",
                "egress_only_gateway_id": "",
                "gateway_id": "igw-036e0ebffff49b6cb",
                "ipv6_cidr_block": "",
                "local_gateway_id": "",
                "nat_gateway_id": "",
                "network_interface_id": "",
                "transit_gateway_id": "",
                "vpc_endpoint_id": "",
                "vpc_peering_connection_id": ""
              },
              {
                "carrier_gateway_id": "",
                "cidr_block": "10.0.0.0/16",
                "core_network_arn": "",
                "destination_prefix_list_id": "",
                "egress_only_gateway_id": "",
                "gateway_id": "local",
                "ipv6_cidr_block": "",
                "local_gateway_id": "",
                "nat_gateway_id": "",
                "network_interface_id": "",
                "transit_gateway_id": "",
                "vpc_endpoint_id": "",
                "vpc_peering_connection_id": ""
              }
            ],
            "tags": {
              "Name": "smartinvest-public-rtb"
            },
            "tags_all": {
              "Name": "smartinvest-public-rtb"
            },
            "timeouts": null,
            "vpc_id": "vpc-034d12e319fead01a"
          },
          "sensitive_attributes": [],
          "private": "eyJlMmJmYjczMC1lY2FhLTExZTYtOGY4OC0zNDM2M2JjN2M0YzAiOnsiY3JlYXRlIjozMDAwMDAwMDAwMDAsImRlbGV0ZSI6MzAwMDAwMDAwMDAwLCJ1cGRhdGUiOjEyMDAwMDAwMDAwMH19",
          "dependencies": [
            "module.aws-resources.aws_internet_gateway.smartinvest-ig",
            "module.aws-resources.aws_vpc.main"
          ]
        }
      ]
    },
    {
      "module": "module.aws-resources",
      "mode": "managed",
      "type": "aws_route_table_association",
      "name": "associate_private_1a",
      "provider": "module.aws-resources.provider[\"registry.terraform.io/hashicorp/aws\"]",
      "instances": [
        {
          "schema_version": 0,
          "attributes": {
            "gateway_id": "",
            "id": "rtbassoc-0d30a176f04bffa07",
            "route_table_id": "rtb-09b635b2964d08377",
            "subnet_id": "subnet-09825dd442ac2121f",
            "timeouts": null
          },
          "sensitive_attributes": [],
          "private": "eyJlMmJmYjczMC1lY2FhLTExZTYtOGY4OC0zNDM2M2JjN2M0YzAiOnsiY3JlYXRlIjozMDAwMDAwMDAwMDAsImRlbGV0ZSI6MzAwMDAwMDAwMDAwLCJ1cGRhdGUiOjEyMDAwMDAwMDAwMH19",
          "dependencies": [
            "module.aws-resources.aws_internet_gateway.smartinvest-ig",
            "module.aws-resources.aws_route_table.smartinvest-private-rtb",
            "module.aws-resources.aws_subnet.smartinvest-private-subnet-1a",
            "module.aws-resources.aws_vpc.main"
          ]
        }
      ]
    },
    {
      "module": "module.aws-resources",
      "mode": "managed",
      "type": "aws_route_table_association",
      "name": "associate_private_1b",
      "provider": "module.aws-resources.provider[\"registry.terraform.io/hashicorp/aws\"]",
      "instances": [
        {
          "schema_version": 0,
          "attributes": {
            "gateway_id": "",
            "id": "rtbassoc-0b383b91e21e4be8b",
            "route_table_id": "rtb-09b635b2964d08377",
            "subnet_id": "subnet-0efd19843f5a35531",
            "timeouts": null
          },
          "sensitive_attributes": [],
          "private": "eyJlMmJmYjczMC1lY2FhLTExZTYtOGY4OC0zNDM2M2JjN2M0YzAiOnsiY3JlYXRlIjozMDAwMDAwMDAwMDAsImRlbGV0ZSI6MzAwMDAwMDAwMDAwLCJ1cGRhdGUiOjEyMDAwMDAwMDAwMH19",
          "dependencies": [
            "module.aws-resources.aws_internet_gateway.smartinvest-ig",
            "module.aws-resources.aws_route_table.smartinvest-private-rtb",
            "module.aws-resources.aws_subnet.smartinvest-private-subnet-1b",
            "module.aws-resources.aws_vpc.main"
          ]
        }
      ]
    },
    {
      "module": "module.aws-resources",
      "mode": "managed",
      "type": "aws_route_table_association",
      "name": "associate_public_1a",
      "provider": "module.aws-resources.provider[\"registry.terraform.io/hashicorp/aws\"]",
      "instances": [
        {
          "schema_version": 0,
          "attributes": {
            "gateway_id": "",
            "id": "rtbassoc-02c49e9ca0b64b338",
            "route_table_id": "rtb-0a212c36f80d0a8c0",
            "subnet_id": "subnet-0b5f794be391e1ad8",
            "timeouts": null
          },
          "sensitive_attributes": [],
          "private": "eyJlMmJmYjczMC1lY2FhLTExZTYtOGY4OC0zNDM2M2JjN2M0YzAiOnsiY3JlYXRlIjozMDAwMDAwMDAwMDAsImRlbGV0ZSI6MzAwMDAwMDAwMDAwLCJ1cGRhdGUiOjEyMDAwMDAwMDAwMH19",
          "dependencies": [
            "module.aws-resources.aws_internet_gateway.smartinvest-ig",
            "module.aws-resources.aws_route_table.smartinvest-public-rtb",
            "module.aws-resources.aws_subnet.smartinvest-public-subnet-1a",
            "module.aws-resources.aws_vpc.main"
          ]
        }
      ]
    },
    {
      "module": "module.aws-resources",
      "mode": "managed",
      "type": "aws_security_group",
      "name": "smartinvest-ec2-fe",
      "provider": "module.aws-resources.provider[\"registry.terraform.io/hashicorp/aws\"]",
      "instances": [
        {
          "schema_version": 1,
          "attributes": {
            "arn": "arn:aws:ec2:us-east-1:309238126949:security-group/sg-06565f44a4c1d654b",
            "description": "Allow HTTPs traffic to EC2 front end",
            "egress": [
              {
                "cidr_blocks": [
                  "0.0.0.0/0"
                ],
                "description": "",
                "from_port": 0,
                "ipv6_cidr_blocks": [],
                "prefix_list_ids": [],
                "protocol": "-1",
                "security_groups": [],
                "self": false,
                "to_port": 0
              }
            ],
            "id": "sg-06565f44a4c1d654b",
            "ingress": [
              {
                "cidr_blocks": [
                  "0.0.0.0/0"
                ],
                "description": "",
                "from_port": 22,
                "ipv6_cidr_blocks": [],
                "prefix_list_ids": [],
                "protocol": "tcp",
                "security_groups": [],
                "self": false,
                "to_port": 22
              },
              {
                "cidr_blocks": [
                  "0.0.0.0/0"
                ],
                "description": "",
                "from_port": 443,
                "ipv6_cidr_blocks": [],
                "prefix_list_ids": [],
                "protocol": "tcp",
                "security_groups": [],
                "self": false,
                "to_port": 443
              },
              {
                "cidr_blocks": [
                  "0.0.0.0/0"
                ],
                "description": "",
                "from_port": 80,
                "ipv6_cidr_blocks": [],
                "prefix_list_ids": [],
                "protocol": "tcp",
                "security_groups": [],
                "self": false,
                "to_port": 80
              }
            ],
            "name": "smartinvest-ec2-fe",
            "name_prefix": "",
            "owner_id": "309238126949",
            "revoke_rules_on_delete": false,
            "tags": {
              "Name": "smartinvest-ec2-fe"
            },
            "tags_all": {
              "Name": "smartinvest-ec2-fe"
            },
            "timeouts": null,
            "vpc_id": "vpc-034d12e319fead01a"
          },
          "sensitive_attributes": [],
          "private": "eyJlMmJmYjczMC1lY2FhLTExZTYtOGY4OC0zNDM2M2JjN2M0YzAiOnsiY3JlYXRlIjo2MDAwMDAwMDAwMDAsImRlbGV0ZSI6OTAwMDAwMDAwMDAwfSwic2NoZW1hX3ZlcnNpb24iOiIxIn0=",
          "dependencies": [
            "module.aws-resources.aws_vpc.main"
          ]
        }
      ]
    },
    {
      "module": "module.aws-resources",
      "mode": "managed",
      "type": "aws_subnet",
      "name": "smartinvest-private-subnet-1a",
      "provider": "module.aws-resources.provider[\"registry.terraform.io/hashicorp/aws\"]",
      "instances": [
        {
          "schema_version": 1,
          "attributes": {
            "arn": "arn:aws:ec2:us-east-1:309238126949:subnet/subnet-09825dd442ac2121f",
            "assign_ipv6_address_on_creation": false,
            "availability_zone": "us-east-1a",
            "availability_zone_id": "use1-az1",
            "cidr_block": "10.0.1.0/24",
            "customer_owned_ipv4_pool": "",
            "enable_dns64": false,
            "enable_lni_at_device_index": 0,
            "enable_resource_name_dns_a_record_on_launch": false,
            "enable_resource_name_dns_aaaa_record_on_launch": false,
            "id": "subnet-09825dd442ac2121f",
            "ipv6_cidr_block": "",
            "ipv6_cidr_block_association_id": "",
            "ipv6_native": false,
            "map_customer_owned_ip_on_launch": false,
            "map_public_ip_on_launch": false,
            "outpost_arn": "",
            "owner_id": "309238126949",
            "private_dns_hostname_type_on_launch": "ip-name",
            "tags": {
              "Name": "smartinvest-private-subnet-1a"
            },
            "tags_all": {
              "Name": "smartinvest-private-subnet-1a"
            },
            "timeouts": null,
            "vpc_id": "vpc-034d12e319fead01a"
          },
          "sensitive_attributes": [],
          "private": "eyJlMmJmYjczMC1lY2FhLTExZTYtOGY4OC0zNDM2M2JjN2M0YzAiOnsiY3JlYXRlIjo2MDAwMDAwMDAwMDAsImRlbGV0ZSI6MTIwMDAwMDAwMDAwMH0sInNjaGVtYV92ZXJzaW9uIjoiMSJ9",
          "dependencies": [
            "module.aws-resources.aws_vpc.main"
          ]
        }
      ]
    },
    {
      "module": "module.aws-resources",
      "mode": "managed",
      "type": "aws_subnet",
      "name": "smartinvest-private-subnet-1b",
      "provider": "module.aws-resources.provider[\"registry.terraform.io/hashicorp/aws\"]",
      "instances": [
        {
          "schema_version": 1,
          "attributes": {
            "arn": "arn:aws:ec2:us-east-1:309238126949:subnet/subnet-0efd19843f5a35531",
            "assign_ipv6_address_on_creation": false,
            "availability_zone": "us-east-1b",
            "availability_zone_id": "use1-az2",
            "cidr_block": "10.0.2.0/24",
            "customer_owned_ipv4_pool": "",
            "enable_dns64": false,
            "enable_lni_at_device_index": 0,
            "enable_resource_name_dns_a_record_on_launch": false,
            "enable_resource_name_dns_aaaa_record_on_launch": false,
            "id": "subnet-0efd19843f5a35531",
            "ipv6_cidr_block": "",
            "ipv6_cidr_block_association_id": "",
            "ipv6_native": false,
            "map_customer_owned_ip_on_launch": false,
            "map_public_ip_on_launch": false,
            "outpost_arn": "",
            "owner_id": "309238126949",
            "private_dns_hostname_type_on_launch": "ip-name",
            "tags": {
              "Name": "smartinvest-private-subnet-1b"
            },
            "tags_all": {
              "Name": "smartinvest-private-subnet-1b"
            },
            "timeouts": null,
            "vpc_id": "vpc-034d12e319fead01a"
          },
          "sensitive_attributes": [],
          "private": "eyJlMmJmYjczMC1lY2FhLTExZTYtOGY4OC0zNDM2M2JjN2M0YzAiOnsiY3JlYXRlIjo2MDAwMDAwMDAwMDAsImRlbGV0ZSI6MTIwMDAwMDAwMDAwMH0sInNjaGVtYV92ZXJzaW9uIjoiMSJ9",
          "dependencies": [
            "module.aws-resources.aws_vpc.main"
          ]
        }
      ]
    },
    {
      "module": "module.aws-resources",
      "mode": "managed",
      "type": "aws_subnet",
      "name": "smartinvest-public-subnet-1a",
      "provider": "module.aws-resources.provider[\"registry.terraform.io/hashicorp/aws\"]",
      "instances": [
        {
          "schema_version": 1,
          "attributes": {
            "arn": "arn:aws:ec2:us-east-1:309238126949:subnet/subnet-0b5f794be391e1ad8",
            "assign_ipv6_address_on_creation": false,
            "availability_zone": "us-east-1a",
            "availability_zone_id": "use1-az1",
            "cidr_block": "10.0.0.0/24",
            "customer_owned_ipv4_pool": "",
            "enable_dns64": false,
            "enable_lni_at_device_index": 0,
            "enable_resource_name_dns_a_record_on_launch": false,
            "enable_resource_name_dns_aaaa_record_on_launch": false,
            "id": "subnet-0b5f794be391e1ad8",
            "ipv6_cidr_block": "",
            "ipv6_cidr_block_association_id": "",
            "ipv6_native": false,
            "map_customer_owned_ip_on_launch": false,
            "map_public_ip_on_launch": true,
            "outpost_arn": "",
            "owner_id": "309238126949",
            "private_dns_hostname_type_on_launch": "ip-name",
            "tags": {
              "Name": "smartinvest-public-subnet-1a"
            },
            "tags_all": {
              "Name": "smartinvest-public-subnet-1a"
            },
            "timeouts": null,
            "vpc_id": "vpc-034d12e319fead01a"
          },
          "sensitive_attributes": [],
          "private": "eyJlMmJmYjczMC1lY2FhLTExZTYtOGY4OC0zNDM2M2JjN2M0YzAiOnsiY3JlYXRlIjo2MDAwMDAwMDAwMDAsImRlbGV0ZSI6MTIwMDAwMDAwMDAwMH0sInNjaGVtYV92ZXJzaW9uIjoiMSJ9",
          "dependencies": [
            "module.aws-resources.aws_vpc.main"
          ]
        }
      ]
    },
    {
      "module": "module.aws-resources",
      "mode": "managed",
      "type": "aws_vpc",
      "name": "main",
      "provider": "module.aws-resources.provider[\"registry.terraform.io/hashicorp/aws\"]",
      "instances": [
        {
          "schema_version": 1,
          "attributes": {
            "arn": "arn:aws:ec2:us-east-1:309238126949:vpc/vpc-034d12e319fead01a",
            "assign_generated_ipv6_cidr_block": false,
            "cidr_block": "10.0.0.0/16",
            "default_network_acl_id": "acl-058ab4ccce519c769",
            "default_route_table_id": "rtb-0057053ddb872debd",
            "default_security_group_id": "sg-09a918948186254f7",
            "dhcp_options_id": "dopt-09eeb802b90b31e9f",
            "enable_dns_hostnames": true,
            "enable_dns_support": true,
            "enable_network_address_usage_metrics": false,
            "id": "vpc-034d12e319fead01a",
            "instance_tenancy": "default",
            "ipv4_ipam_pool_id": null,
            "ipv4_netmask_length": null,
            "ipv6_association_id": "",
            "ipv6_cidr_block": "",
            "ipv6_cidr_block_network_border_group": "",
            "ipv6_ipam_pool_id": "",
            "ipv6_netmask_length": 0,
            "main_route_table_id": "rtb-0057053ddb872debd",
            "owner_id": "309238126949",
            "tags": {
              "Name": "smartinvest-vpc"
            },
            "tags_all": {
              "Name": "smartinvest-vpc"
            }
          },
          "sensitive_attributes": [],
          "private": "eyJzY2hlbWFfdmVyc2lvbiI6IjEifQ=="
        }
      ]
    }
  ],
  "check_results": null
}
